{
  "requires": true,
  "lockfileVersion": 1,
  "dependencies": {
    "@jest/schemas": {
      "version": "28.0.2",
      "resolved": "https://registry.npmjs.org/@jest/schemas/-/schemas-28.0.2.tgz",
      "integrity": "sha512-YVDJZjd4izeTDkij00vHHAymNXQ6WWsdChFRK86qck6Jpr3DCL5W3Is3vslviRlP+bLuMYRLbdp98amMvqudhA==",
      "requires": {
        "@sinclair/typebox": "^0.23.3"
      }
    },
    "@sinclair/typebox": {
      "version": "0.23.5",
      "resolved": "https://registry.npmjs.org/@sinclair/typebox/-/typebox-0.23.5.tgz",
      "integrity": "sha512-AFBVi/iT4g20DHoujvMH1aEDn8fGJh4xsRGCP6d8RpLPMqsNPvW01Jcn0QysXTsg++/xj25NmJsGyH9xug/wKg=="
    },
    "ansi-regex": {
      "version": "5.0.1",
      "resolved": "https://registry.npmjs.org/ansi-regex/-/ansi-regex-5.0.1.tgz",
      "integrity": "sha512-quJQXlTSUGL2LH9SUXo8VwsY4soanhgo6LNSm84E1LBcE8s3O0wpdiRzyR9z/ZZJMlMWv37qOOb9pdJlMUEKFQ=="
    },
    "ansi-styles": {
      "version": "4.3.0",
      "resolved": "https://registry.npmjs.org/ansi-styles/-/ansi-styles-4.3.0.tgz",
      "integrity": "sha512-zbB9rCJAT1rbjiVDb2hqKFHNYLxgtk8NURxZ3IZwD3F6NtxbXZQCnnSi1Lkx+IDohdPlFp222wVALIheZJQSEg==",
      "requires": {
        "color-convert": "^2.0.1"
      }
    },
    "chalk": {
      "version": "4.1.2",
      "resolved": "https://registry.npmjs.org/chalk/-/chalk-4.1.2.tgz",
      "integrity": "sha512-oKnbhFyRIXpUuez8iBMmyEa4nbj4IOQyuhc/wy9kY7/WVPcwIO9VA668Pu8RkO7+0G76SLROeyw9CpQ061i4mA==",
      "requires": {
        "ansi-styles": "^4.1.0",
        "supports-color": "^7.1.0"
      }
    },
    "color-convert": {
      "version": "2.0.1",
      "resolved": "https://registry.npmjs.org/color-convert/-/color-convert-2.0.1.tgz",
      "integrity": "sha512-RRECPsj7iu/xb5oKYcsFHSppFNnsj/52OVTRKb4zP5onXwVF3zVmmToNcOfGC+CRDpfK/U584fMg38ZHCaElKQ==",
      "requires": {
        "color-name": "~1.1.4"
      }
    },
    "color-name": {
      "version": "1.1.4",
      "resolved": "https://registry.npmjs.org/color-name/-/color-name-1.1.4.tgz",
      "integrity": "sha512-dOy+3AuW3a2wNbZHIuMZpTcgjGuLU/uBL/ubcZF9OXbDo8ff4O8yVp5Bf0efS8uEoYo5q4Fx7dY9OgQGXgAsQA=="
    },
    "diff-sequences": {
      "version": "28.0.2",
      "resolved": "https://registry.npmjs.org/diff-sequences/-/diff-sequences-28.0.2.tgz",
      "integrity": "sha512-YtEoNynLDFCRznv/XDalsKGSZDoj0U5kLnXvY0JSq3nBboRrZXjD81+eSiwi+nzcZDwedMmcowcxNwwgFW23mQ=="
    },
    "has-flag": {
      "version": "4.0.0",
      "resolved": "https://registry.npmjs.org/has-flag/-/has-flag-4.0.0.tgz",
      "integrity": "sha512-EykJT/Q1KjTWctppgIAgfSO0tKVuZUjhgMr17kqTumMl6Afv3EISleU7qZUzoXDFTAHTDC4NOoG/ZxU3EvlMPQ=="
    },
    "jest-diff": {
      "version": "28.1.0",
      "resolved": "https://registry.npmjs.org/jest-diff/-/jest-diff-28.1.0.tgz",
      "integrity": "sha512-8eFd3U3OkIKRtlasXfiAQfbovgFgRDb0Ngcs2E+FMeBZ4rUezqIaGjuyggJBp+llosQXNEWofk/Sz4Hr5gMUhA==",
      "requires": {
        "chalk": "^4.0.0",
        "diff-sequences": "^28.0.2",
        "jest-get-type": "^28.0.2",
        "pretty-format": "^28.1.0"
      }
    },
    "jest-get-type": {
      "version": "28.0.2",
      "resolved": "https://registry.npmjs.org/jest-get-type/-/jest-get-type-28.0.2.tgz",
      "integrity": "sha512-ioj2w9/DxSYHfOm5lJKCdcAmPJzQXmbM/Url3rhlghrPvT3tt+7a/+oXc9azkKmLvoiXjtV83bEWqi+vs5nlPA=="
    },
    "pretty-format": {
      "version": "28.1.0",
      "resolved": "https://registry.npmjs.org/pretty-format/-/pretty-format-28.1.0.tgz",
      "integrity": "sha512-79Z4wWOYCdvQkEoEuSlBhHJqWeZ8D8YRPiPctJFCtvuaClGpiwiQYSCUOE6IEKUbbFukKOTFIUAXE8N4EQTo1Q==",
      "requires": {
        "@jest/schemas": "^28.0.2",
        "ansi-regex": "^5.0.1",
        "ansi-styles": "^5.0.0",
        "react-is": "^18.0.0"
      },
      "dependencies": {
        "ansi-styles": {
          "version": "5.2.0",
          "resolved": "https://registry.npmjs.org/ansi-styles/-/ansi-styles-5.2.0.tgz",
          "integrity": "sha512-Cxwpt2SfTzTtXcfOlzGEee8O+c+MmUgGrNiBcXnuWxuFJHe6a5Hz7qwhwe5OgaSYI0IJvkLqWX1ASG+cJOkEiA=="
        }
      }
    },
    "react-is": {
      "version": "18.1.0",
      "resolved": "https://registry.npmjs.org/react-is/-/react-is-18.1.0.tgz",
      "integrity": "sha512-Fl7FuabXsJnV5Q1qIOQwx/sagGF18kogb4gpfcG4gjLBWO0WDiiz1ko/ExayuxE7InyQkBLkxRFG5oxY6Uu3Kg=="
    },
    "supports-color": {
      "version": "7.2.0",
      "resolved": "https://registry.npmjs.org/supports-color/-/supports-color-7.2.0.tgz",
      "integrity": "sha512-qpCAvRl9stuOHveKsn7HncJRvv501qIacKzQlO/+Lwxc9+0q2wLyv4Dfvt80/DPn2pqOBsJdDiogXGR9+OvwRw==",
      "requires": {
        "has-flag": "^4.0.0"
      }
    }
  }
}
